{
  "nodes": {
    "nixpkgs": {
      "locked": {
        "lastModified": 1748984911,
        "narHash": "sha256-fih/mdPI8f1CR+FKMhcsyfFzbARoVDrlxwoa694XIkw=",
        "owner": "NixOS",
        "repo": "nixpkgs",
        "rev": "3731ffed14674a8567af4b05575a87adf0b38030",
        "type": "github"
      },
      "original": {
        "owner": "NixOS",
        "repo": "nixpkgs",
        "type": "github"
      }
    },
    "root": {
      "inputs": {
        "nixpkgs": "nixpkgs"
      }
    }
  },
  "root": "root",
  "version": 7
}
