{
  "nodes": {
    "nixpkgs": {
      "locked": {
        "lastModified": 1765024353,
        "narHash": "sha256-CmHTFC7fXEBKZmuZ+SUL0oax3mnimYwwSNRD55qGI60=",
        "owner": "NixOS",
        "repo": "nixpkgs",
        "rev": "e97f9a25d74f25076e68a8be2c2426dfa4e46465",
        "type": "github"
      },
      "original": {
        "owner": "NixOS",
        "repo": "nixpkgs",
        "type": "github"
      }
    },
    "root": {
      "inputs": {
        "nixpkgs": "nixpkgs"
      }
    }
  },
  "root": "root",
  "version": 7
}
