{
  "nodes": {
    "nixpkgs": {
      "locked": {
        "lastModified": 1635373256,
        "narHash": "sha256-6QERROygyZN2itA2JUZzhf+o2jfqd6ykJZHQcCAE0r4=",
        "path": "/nix/store/vz23glfrdf8spd6aa0xv7w8rbdmfvrvw-source",
        "rev": "d14d83a3691121642be1b0579cf3408a83c558d7",
        "type": "path"
      },
      "original": {
        "id": "nixpkgs",
        "type": "indirect"
      }
    },
    "root": {
      "inputs": {
        "nixpkgs": "nixpkgs"
      }
    }
  },
  "root": "root",
  "version": 7
}
